// !$*UTF8*$!
{
	archiveVersion = 1;
	classes = {
	};
	objectVersion = 46;
	objects = {

/* Begin PBXBuildFile section */
		BE0AEE9A1F7748F50074042E /* AppDelegate.swift in Sources */ = {isa = PBXBuildFile; fileRef = BE0AEE991F7748F50074042E /* AppDelegate.swift */; };
		BE0AEE9C1F7748F50074042E /* ViewController.swift in Sources */ = {isa = PBXBuildFile; fileRef = BE0AEE9B1F7748F50074042E /* ViewController.swift */; };
		BE0AEE9F1F7748F50074042E /* Main.storyboard in Resources */ = {isa = PBXBuildFile; fileRef = BE0AEE9D1F7748F50074042E /* Main.storyboard */; };
		BE0AEEA11F7748F50074042E /* Assets.xcassets in Resources */ = {isa = PBXBuildFile; fileRef = BE0AEEA01F7748F50074042E /* Assets.xcassets */; };
		BE0AEEA41F7748F50074042E /* LaunchScreen.storyboard in Resources */ = {isa = PBXBuildFile; fileRef = BE0AEEA21F7748F50074042E /* LaunchScreen.storyboard */; };
		BE0AEEB51F774AA30074042E /* ane.png in Resources */ = {isa = PBXBuildFile; fileRef = BE0AEEAC1F774AA30074042E /* ane.png */; };
		BE0AEEB61F774AA30074042E /* background.jpg in Resources */ = {isa = PBXBuildFile; fileRef = BE0AEEAD1F774AA30074042E /* background.jpg */; };
		BE0AEEB71F774AA30074042E /* backImage.png in Resources */ = {isa = PBXBuildFile; fileRef = BE0AEEAE1F774AA30074042E /* backImage.png */; };
		BE0AEEB81F774AA30074042E /* canard.png in Resources */ = {isa = PBXBuildFile; fileRef = BE0AEEAF1F774AA30074042E /* canard.png */; };
		BE0AEEB91F774AA30074042E /* cheval.png in Resources */ = {isa = PBXBuildFile; fileRef = BE0AEEB01F774AA30074042E /* cheval.png */; };
		BE0AEEBA1F774AA30074042E /* mouton.png in Resources */ = {isa = PBXBuildFile; fileRef = BE0AEEB11F774AA30074042E /* mouton.png */; };
		BE0AEEBB1F774AA30074042E /* poule.png in Resources */ = {isa = PBXBuildFile; fileRef = BE0AEEB21F774AA30074042E /* poule.png */; };
		BE0AEEBD1F774AA30074042E /* vache.png in Resources */ = {isa = PBXBuildFile; fileRef = BE0AEEB41F774AA30074042E /* vache.png */; };
		BE0AEEC01F774AFF0074042E /* Card.swift in Sources */ = {isa = PBXBuildFile; fileRef = BE0AEEBF1F774AFF0074042E /* Card.swift */; };
		BE0AEEC31F774C3B0074042E /* MatchGameDelegate.swift in Sources */ = {isa = PBXBuildFile; fileRef = BE0AEEC21F774C3B0074042E /* MatchGameDelegate.swift */; };
		BE0AEEC61F774CE40074042E /* MatchGame.swift in Sources */ = {isa = PBXBuildFile; fileRef = BE0AEEC51F774CE40074042E /* MatchGame.swift */; };
		BE0AEEC81F774F9D0074042E /* reset.ico in Resources */ = {isa = PBXBuildFile; fileRef = BE0AEEC71F774F9D0074042E /* reset.ico */; };
		BE0AEECC1F7750860074042E /* CardCollectionViewCell.swift in Sources */ = {isa = PBXBuildFile; fileRef = BE0AEECB1F7750860074042E /* CardCollectionViewCell.swift */; };
		BE8A20581F79BA210025BA55 /* CardMedia.swift in Sources */ = {isa = PBXBuildFile; fileRef = BE8A20571F79BA210025BA55 /* CardMedia.swift */; };
		BE8A20601F79E94E0025BA55 /* mouton.mp3 in Resources */ = {isa = PBXBuildFile; fileRef = BE8A205A1F79E94D0025BA55 /* mouton.mp3 */; };
		BE8A20611F79E94E0025BA55 /* cheval.mp3 in Resources */ = {isa = PBXBuildFile; fileRef = BE8A205B1F79E94D0025BA55 /* cheval.mp3 */; };
		BE8A20621F79E94E0025BA55 /* vache.mp3 in Resources */ = {isa = PBXBuildFile; fileRef = BE8A205C1F79E94D0025BA55 /* vache.mp3 */; };
		BE8A20631F79E94E0025BA55 /* canard.mp3 in Resources */ = {isa = PBXBuildFile; fileRef = BE8A205D1F79E94E0025BA55 /* canard.mp3 */; };
		BE8A20641F79E94E0025BA55 /* poule.mp3 in Resources */ = {isa = PBXBuildFile; fileRef = BE8A205E1F79E94E0025BA55 /* poule.mp3 */; };
		BE8A20651F79E94E0025BA55 /* ane.mp3 in Resources */ = {isa = PBXBuildFile; fileRef = BE8A205F1F79E94E0025BA55 /* ane.mp3 */; };
		BEE31F021F81EAE10018928D /* game-ending.mp3 in Resources */ = {isa = PBXBuildFile; fileRef = BEE31F011F81EAE10018928D /* game-ending.mp3 */; };
		BEE31F061F81F4DF0018928D /* logo.png in Resources */ = {isa = PBXBuildFile; fileRef = BEE31F051F81F4DE0018928D /* logo.png */; };
/* End PBXBuildFile section */

/* Begin PBXFileReference section */
		BE0AEE961F7748F50074042E /* travail-pratique-2.app */ = {isa = PBXFileReference; explicitFileType = wrapper.application; includeInIndex = 0; path = "travail-pratique-2.app"; sourceTree = BUILT_PRODUCTS_DIR; };
		BE0AEE991F7748F50074042E /* AppDelegate.swift */ = {isa = PBXFileReference; lastKnownFileType = sourcecode.swift; path = AppDelegate.swift; sourceTree = "<group>"; };
		BE0AEE9B1F7748F50074042E /* ViewController.swift */ = {isa = PBXFileReference; lastKnownFileType = sourcecode.swift; path = ViewController.swift; sourceTree = "<group>"; };
		BE0AEE9E1F7748F50074042E /* Base */ = {isa = PBXFileReference; lastKnownFileType = file.storyboard; name = Base; path = Base.lproj/Main.storyboard; sourceTree = "<group>"; };
		BE0AEEA01F7748F50074042E /* Assets.xcassets */ = {isa = PBXFileReference; lastKnownFileType = folder.assetcatalog; path = Assets.xcassets; sourceTree = "<group>"; };
		BE0AEEA31F7748F50074042E /* Base */ = {isa = PBXFileReference; lastKnownFileType = file.storyboard; name = Base; path = Base.lproj/LaunchScreen.storyboard; sourceTree = "<group>"; };
		BE0AEEA51F7748F50074042E /* Info.plist */ = {isa = PBXFileReference; lastKnownFileType = text.plist.xml; path = Info.plist; sourceTree = "<group>"; };
		BE0AEEAC1F774AA30074042E /* ane.png */ = {isa = PBXFileReference; lastKnownFileType = image.png; name = ane.png; path = images/ane.png; sourceTree = "<group>"; };
		BE0AEEAD1F774AA30074042E /* background.jpg */ = {isa = PBXFileReference; lastKnownFileType = image.jpeg; name = background.jpg; path = images/background.jpg; sourceTree = "<group>"; };
		BE0AEEAE1F774AA30074042E /* backImage.png */ = {isa = PBXFileReference; lastKnownFileType = image.png; name = backImage.png; path = images/backImage.png; sourceTree = "<group>"; };
		BE0AEEAF1F774AA30074042E /* canard.png */ = {isa = PBXFileReference; lastKnownFileType = image.png; name = canard.png; path = images/canard.png; sourceTree = "<group>"; };
		BE0AEEB01F774AA30074042E /* cheval.png */ = {isa = PBXFileReference; lastKnownFileType = image.png; name = cheval.png; path = images/cheval.png; sourceTree = "<group>"; };
		BE0AEEB11F774AA30074042E /* mouton.png */ = {isa = PBXFileReference; lastKnownFileType = image.png; name = mouton.png; path = images/mouton.png; sourceTree = "<group>"; };
		BE0AEEB21F774AA30074042E /* poule.png */ = {isa = PBXFileReference; lastKnownFileType = image.png; name = poule.png; path = images/poule.png; sourceTree = "<group>"; };
		BE0AEEB41F774AA30074042E /* vache.png */ = {isa = PBXFileReference; lastKnownFileType = image.png; name = vache.png; path = images/vache.png; sourceTree = "<group>"; };
		BE0AEEBF1F774AFF0074042E /* Card.swift */ = {isa = PBXFileReference; fileEncoding = 4; lastKnownFileType = sourcecode.swift; path = Card.swift; sourceTree = "<group>"; };
		BE0AEEC21F774C3B0074042E /* MatchGameDelegate.swift */ = {isa = PBXFileReference; fileEncoding = 4; lastKnownFileType = sourcecode.swift; path = MatchGameDelegate.swift; sourceTree = "<group>"; };
		BE0AEEC51F774CE40074042E /* MatchGame.swift */ = {isa = PBXFileReference; fileEncoding = 4; lastKnownFileType = sourcecode.swift; path = MatchGame.swift; sourceTree = "<group>"; };
		BE0AEEC71F774F9D0074042E /* reset.ico */ = {isa = PBXFileReference; lastKnownFileType = image.ico; name = reset.ico; path = images/reset.ico; sourceTree = "<group>"; };
		BE0AEECB1F7750860074042E /* CardCollectionViewCell.swift */ = {isa = PBXFileReference; fileEncoding = 4; lastKnownFileType = sourcecode.swift; path = CardCollectionViewCell.swift; sourceTree = "<group>"; };
		BE8A20571F79BA210025BA55 /* CardMedia.swift */ = {isa = PBXFileReference; lastKnownFileType = sourcecode.swift; path = CardMedia.swift; sourceTree = "<group>"; };
		BE8A205A1F79E94D0025BA55 /* mouton.mp3 */ = {isa = PBXFileReference; lastKnownFileType = audio.mp3; name = mouton.mp3; path = sounds/mouton.mp3; sourceTree = "<group>"; };
		BE8A205B1F79E94D0025BA55 /* cheval.mp3 */ = {isa = PBXFileReference; lastKnownFileType = audio.mp3; name = cheval.mp3; path = sounds/cheval.mp3; sourceTree = "<group>"; };
		BE8A205C1F79E94D0025BA55 /* vache.mp3 */ = {isa = PBXFileReference; lastKnownFileType = audio.mp3; name = vache.mp3; path = sounds/vache.mp3; sourceTree = "<group>"; };
		BE8A205D1F79E94E0025BA55 /* canard.mp3 */ = {isa = PBXFileReference; lastKnownFileType = audio.mp3; name = canard.mp3; path = sounds/canard.mp3; sourceTree = "<group>"; };
		BE8A205E1F79E94E0025BA55 /* poule.mp3 */ = {isa = PBXFileReference; lastKnownFileType = audio.mp3; name = poule.mp3; path = sounds/poule.mp3; sourceTree = "<group>"; };
		BE8A205F1F79E94E0025BA55 /* ane.mp3 */ = {isa = PBXFileReference; lastKnownFileType = audio.mp3; name = ane.mp3; path = sounds/ane.mp3; sourceTree = "<group>"; };
		BEE31F011F81EAE10018928D /* game-ending.mp3 */ = {isa = PBXFileReference; lastKnownFileType = audio.mp3; name = "game-ending.mp3"; path = "sounds/game-ending.mp3"; sourceTree = "<group>"; };
		BEE31F051F81F4DE0018928D /* logo.png */ = {isa = PBXFileReference; lastKnownFileType = image.png; name = logo.png; path = images/logo.png; sourceTree = "<group>"; };
/* End PBXFileReference section */

/* Begin PBXFrameworksBuildPhase section */
		BE0AEE931F7748F50074042E /* Frameworks */ = {
			isa = PBXFrameworksBuildPhase;
			buildActionMask = 2147483647;
			files = (
			);
			runOnlyForDeploymentPostprocessing = 0;
		};
/* End PBXFrameworksBuildPhase section */

/* Begin PBXGroup section */
		BE0AEE8D1F7748F50074042E = {
			isa = PBXGroup;
			children = (
				BE0AEE981F7748F50074042E /* travail-pratique-2 */,
				BE0AEE971F7748F50074042E /* Products */,
			);
			sourceTree = "<group>";
		};
		BE0AEE971F7748F50074042E /* Products */ = {
			isa = PBXGroup;
			children = (
				BE0AEE961F7748F50074042E /* travail-pratique-2.app */,
			);
			name = Products;
			sourceTree = "<group>";
		};
		BE0AEE981F7748F50074042E /* travail-pratique-2 */ = {
			isa = PBXGroup;
			children = (
				BE8A20591F79E8700025BA55 /* sounds */,
				BE0AEEAB1F774A280074042E /* images */,
				BE0AEE991F7748F50074042E /* AppDelegate.swift */,
				BE0AEEC41F774CC30074042E /* Model */,
				BE0AEEBE1F774AD90074042E /* Entity */,
				BE0AEEC91F774FCB0074042E /* ViewController */,
				BE0AEE9D1F7748F50074042E /* Main.storyboard */,
				BE0AEEA01F7748F50074042E /* Assets.xcassets */,
				BE0AEEA21F7748F50074042E /* LaunchScreen.storyboard */,
				BE0AEEA51F7748F50074042E /* Info.plist */,
			);
			path = "travail-pratique-2";
			sourceTree = "<group>";
		};
		BE0AEEAB1F774A280074042E /* images */ = {
			isa = PBXGroup;
			children = (
				BEE31F051F81F4DE0018928D /* logo.png */,
				BE0AEEC71F774F9D0074042E /* reset.ico */,
				BE0AEEAC1F774AA30074042E /* ane.png */,
				BE0AEEAD1F774AA30074042E /* background.jpg */,
				BE0AEEAE1F774AA30074042E /* backImage.png */,
				BE0AEEAF1F774AA30074042E /* canard.png */,
				BE0AEEB01F774AA30074042E /* cheval.png */,
				BE0AEEB11F774AA30074042E /* mouton.png */,
				BE0AEEB21F774AA30074042E /* poule.png */,
				BE0AEEB41F774AA30074042E /* vache.png */,
			);
			name = images;
			sourceTree = "<group>";
		};
		BE0AEEBE1F774AD90074042E /* Entity */ = {
			isa = PBXGroup;
			children = (
				BE0AEEBF1F774AFF0074042E /* Card.swift */,
				BE8A20571F79BA210025BA55 /* CardMedia.swift */,
			);
			name = Entity;
			sourceTree = "<group>";
		};
		BE0AEEC11F774C230074042E /* Delegate */ = {
			isa = PBXGroup;
			children = (
				BE0AEEC21F774C3B0074042E /* MatchGameDelegate.swift */,
			);
			name = Delegate;
			sourceTree = "<group>";
		};
		BE0AEEC41F774CC30074042E /* Model */ = {
			isa = PBXGroup;
			children = (
				BE0AEEC11F774C230074042E /* Delegate */,
				BE0AEEC51F774CE40074042E /* MatchGame.swift */,
			);
			name = Model;
			sourceTree = "<group>";
		};
		BE0AEEC91F774FCB0074042E /* ViewController */ = {
			isa = PBXGroup;
			children = (
				BE0AEECA1F77505A0074042E /* Cell */,
				BE0AEE9B1F7748F50074042E /* ViewController.swift */,
			);
			name = ViewController;
			sourceTree = "<group>";
		};
		BE0AEECA1F77505A0074042E /* Cell */ = {
			isa = PBXGroup;
			children = (
				BE0AEECB1F7750860074042E /* CardCollectionViewCell.swift */,
			);
			name = Cell;
			sourceTree = "<group>";
		};
		BE8A20591F79E8700025BA55 /* sounds */ = {
			isa = PBXGroup;
			children = (
				BEE31F011F81EAE10018928D /* game-ending.mp3 */,
				BE8A205F1F79E94E0025BA55 /* ane.mp3 */,
				BE8A205D1F79E94E0025BA55 /* canard.mp3 */,
				BE8A205B1F79E94D0025BA55 /* cheval.mp3 */,
				BE8A205E1F79E94E0025BA55 /* poule.mp3 */,
				BE8A205A1F79E94D0025BA55 /* mouton.mp3 */,
				BE8A205C1F79E94D0025BA55 /* vache.mp3 */,
			);
			name = sounds;
			sourceTree = "<group>";
		};
/* End PBXGroup section */

/* Begin PBXNativeTarget section */
		BE0AEE951F7748F50074042E /* travail-pratique-2 */ = {
			isa = PBXNativeTarget;
			buildConfigurationList = BE0AEEA81F7748F50074042E /* Build configuration list for PBXNativeTarget "travail-pratique-2" */;
			buildPhases = (
				BE0AEE921F7748F50074042E /* Sources */,
				BE0AEE931F7748F50074042E /* Frameworks */,
				BE0AEE941F7748F50074042E /* Resources */,
			);
			buildRules = (
			);
			dependencies = (
			);
			name = "travail-pratique-2";
			productName = "travail-pratique-2";
			productReference = BE0AEE961F7748F50074042E /* travail-pratique-2.app */;
			productType = "com.apple.product-type.application";
		};
/* End PBXNativeTarget section */

/* Begin PBXProject section */
		BE0AEE8E1F7748F50074042E /* Project object */ = {
			isa = PBXProject;
			attributes = {
				LastSwiftUpdateCheck = 0830;
				LastUpgradeCheck = 0900;
				ORGANIZATIONNAME = "Henrique Nascimento";
				TargetAttributes = {
					BE0AEE951F7748F50074042E = {
						CreatedOnToolsVersion = 8.3.3;
						LastSwiftMigration = 0900;
						ProvisioningStyle = Automatic;
					};
				};
			};
			buildConfigurationList = BE0AEE911F7748F50074042E /* Build configuration list for PBXProject "travail-pratique-2" */;
			compatibilityVersion = "Xcode 3.2";
			developmentRegion = English;
			hasScannedForEncodings = 0;
			knownRegions = (
				en,
				Base,
			);
			mainGroup = BE0AEE8D1F7748F50074042E;
			productRefGroup = BE0AEE971F7748F50074042E /* Products */;
			projectDirPath = "";
			projectRoot = "";
			targets = (
				BE0AEE951F7748F50074042E /* travail-pratique-2 */,
			);
		};
/* End PBXProject section */

/* Begin PBXResourcesBuildPhase section */
		BE0AEE941F7748F50074042E /* Resources */ = {
			isa = PBXResourcesBuildPhase;
			buildActionMask = 2147483647;
			files = (
				BEE31F021F81EAE10018928D /* game-ending.mp3 in Resources */,
				BE8A20641F79E94E0025BA55 /* poule.mp3 in Resources */,
				BE0AEEB91F774AA30074042E /* cheval.png in Resources */,
				BE8A20631F79E94E0025BA55 /* canard.mp3 in Resources */,
				BE0AEEC81F774F9D0074042E /* reset.ico in Resources */,
				BE0AEEB81F774AA30074042E /* canard.png in Resources */,
				BE0AEEB71F774AA30074042E /* backImage.png in Resources */,
				BE0AEEA41F7748F50074042E /* LaunchScreen.storyboard in Resources */,
				BE0AEEB61F774AA30074042E /* background.jpg in Resources */,
				BE0AEEBA1F774AA30074042E /* mouton.png in Resources */,
				BE8A20651F79E94E0025BA55 /* ane.mp3 in Resources */,
				BE0AEEBD1F774AA30074042E /* vache.png in Resources */,
				BE0AEEA11F7748F50074042E /* Assets.xcassets in Resources */,
				BE8A20601F79E94E0025BA55 /* mouton.mp3 in Resources */,
				BE0AEEBB1F774AA30074042E /* poule.png in Resources */,
				BE8A20611F79E94E0025BA55 /* cheval.mp3 in Resources */,
				BEE31F061F81F4DF0018928D /* logo.png in Resources */,
				BE0AEEB51F774AA30074042E /* ane.png in Resources */,
				BE8A20621F79E94E0025BA55 /* vache.mp3 in Resources */,
				BE0AEE9F1F7748F50074042E /* Main.storyboard in Resources */,
			);
			runOnlyForDeploymentPostprocessing = 0;
		};
/* End PBXResourcesBuildPhase section */

/* Begin PBXSourcesBuildPhase section */
		BE0AEE921F7748F50074042E /* Sources */ = {
			isa = PBXSourcesBuildPhase;
			buildActionMask = 2147483647;
			files = (
				BE0AEEC31F774C3B0074042E /* MatchGameDelegate.swift in Sources */,
				BE0AEEC61F774CE40074042E /* MatchGame.swift in Sources */,
				BE0AEE9C1F7748F50074042E /* ViewController.swift in Sources */,
				BE0AEEC01F774AFF0074042E /* Card.swift in Sources */,
				BE0AEECC1F7750860074042E /* CardCollectionViewCell.swift in Sources */,
				BE0AEE9A1F7748F50074042E /* AppDelegate.swift in Sources */,
				BE8A20581F79BA210025BA55 /* CardMedia.swift in Sources */,
			);
			runOnlyForDeploymentPostprocessing = 0;
		};
/* End PBXSourcesBuildPhase section */

/* Begin PBXVariantGroup section */
		BE0AEE9D1F7748F50074042E /* Main.storyboard */ = {
			isa = PBXVariantGroup;
			children = (
				BE0AEE9E1F7748F50074042E /* Base */,
			);
			name = Main.storyboard;
			sourceTree = "<group>";
		};
		BE0AEEA21F7748F50074042E /* LaunchScreen.storyboard */ = {
			isa = PBXVariantGroup;
			children = (
				BE0AEEA31F7748F50074042E /* Base */,
			);
			name = LaunchScreen.storyboard;
			sourceTree = "<group>";
		};
/* End PBXVariantGroup section */

/* Begin XCBuildConfiguration section */
		BE0AEEA61F7748F50074042E /* Debug */ = {
			isa = XCBuildConfiguration;
			buildSettings = {
				ALWAYS_SEARCH_USER_PATHS = NO;
				CLANG_ANALYZER_NONNULL = YES;
				CLANG_ANALYZER_NUMBER_OBJECT_CONVERSION = YES_AGGRESSIVE;
				CLANG_CXX_LANGUAGE_STANDARD = "gnu++0x";
				CLANG_CXX_LIBRARY = "libc++";
				CLANG_ENABLE_MODULES = YES;
				CLANG_ENABLE_OBJC_ARC = YES;
				CLANG_WARN_BLOCK_CAPTURE_AUTORELEASING = YES;
				CLANG_WARN_BOOL_CONVERSION = YES;
				CLANG_WARN_COMMA = YES;
				CLANG_WARN_CONSTANT_CONVERSION = YES;
				CLANG_WARN_DIRECT_OBJC_ISA_USAGE = YES_ERROR;
				CLANG_WARN_DOCUMENTATION_COMMENTS = YES;
				CLANG_WARN_EMPTY_BODY = YES;
				CLANG_WARN_ENUM_CONVERSION = YES;
				CLANG_WARN_INFINITE_RECURSION = YES;
				CLANG_WARN_INT_CONVERSION = YES;
				CLANG_WARN_NON_LITERAL_NULL_CONVERSION = YES;
				CLANG_WARN_OBJC_LITERAL_CONVERSION = YES;
				CLANG_WARN_OBJC_ROOT_CLASS = YES_ERROR;
				CLANG_WARN_RANGE_LOOP_ANALYSIS = YES;
				CLANG_WARN_STRICT_PROTOTYPES = YES;
				CLANG_WARN_SUSPICIOUS_MOVE = YES;
				CLANG_WARN_UNREACHABLE_CODE = YES;
				CLANG_WARN__DUPLICATE_METHOD_MATCH = YES;
				"CODE_SIGN_IDENTITY[sdk=iphoneos*]" = "iPhone Developer";
				COPY_PHASE_STRIP = NO;
				DEBUG_INFORMATION_FORMAT = dwarf;
				ENABLE_STRICT_OBJC_MSGSEND = YES;
				ENABLE_TESTABILITY = YES;
				GCC_C_LANGUAGE_STANDARD = gnu99;
				GCC_DYNAMIC_NO_PIC = NO;
				GCC_NO_COMMON_BLOCKS = YES;
				GCC_OPTIMIZATION_LEVEL = 0;
				GCC_PREPROCESSOR_DEFINITIONS = (
					"DEBUG=1",
					"$(inherited)",
				);
				GCC_WARN_64_TO_32_BIT_CONVERSION = YES;
				GCC_WARN_ABOUT_RETURN_TYPE = YES_ERROR;
				GCC_WARN_UNDECLARED_SELECTOR = YES;
				GCC_WARN_UNINITIALIZED_AUTOS = YES_AGGRESSIVE;
				GCC_WARN_UNUSED_FUNCTION = YES;
				GCC_WARN_UNUSED_VARIABLE = YES;
				IPHONEOS_DEPLOYMENT_TARGET = 10.3;
				MTL_ENABLE_DEBUG_INFO = YES;
				ONLY_ACTIVE_ARCH = YES;
				SDKROOT = iphoneos;
				SWIFT_ACTIVE_COMPILATION_CONDITIONS = DEBUG;
				SWIFT_OPTIMIZATION_LEVEL = "-Onone";
				SWIFT_SWIFT3_OBJC_INFERENCE = Off;
				TARGETED_DEVICE_FAMILY = 2;
			};
			name = Debug;
		};
		BE0AEEA71F7748F50074042E /* Release */ = {
			isa = XCBuildConfiguration;
			buildSettings = {
				ALWAYS_SEARCH_USER_PATHS = NO;
				CLANG_ANALYZER_NONNULL = YES;
				CLANG_ANALYZER_NUMBER_OBJECT_CONVERSION = YES_AGGRESSIVE;
				CLANG_CXX_LANGUAGE_STANDARD = "gnu++0x";
				CLANG_CXX_LIBRARY = "libc++";
				CLANG_ENABLE_MODULES = YES;
				CLANG_ENABLE_OBJC_ARC = YES;
				CLANG_WARN_BLOCK_CAPTURE_AUTORELEASING = YES;
				CLANG_WARN_BOOL_CONVERSION = YES;
				CLANG_WARN_COMMA = YES;
				CLANG_WARN_CONSTANT_CONVERSION = YES;
				CLANG_WARN_DIRECT_OBJC_ISA_USAGE = YES_ERROR;
				CLANG_WARN_DOCUMENTATION_COMMENTS = YES;
				CLANG_WARN_EMPTY_BODY = YES;
				CLANG_WARN_ENUM_CONVERSION = YES;
				CLANG_WARN_INFINITE_RECURSION = YES;
				CLANG_WARN_INT_CONVERSION = YES;
				CLANG_WARN_NON_LITERAL_NULL_CONVERSION = YES;
				CLANG_WARN_OBJC_LITERAL_CONVERSION = YES;
				CLANG_WARN_OBJC_ROOT_CLASS = YES_ERROR;
				CLANG_WARN_RANGE_LOOP_ANALYSIS = YES;
				CLANG_WARN_STRICT_PROTOTYPES = YES;
				CLANG_WARN_SUSPICIOUS_MOVE = YES;
				CLANG_WARN_UNREACHABLE_CODE = YES;
				CLANG_WARN__DUPLICATE_METHOD_MATCH = YES;
				"CODE_SIGN_IDENTITY[sdk=iphoneos*]" = "iPhone Developer";
				COPY_PHASE_STRIP = NO;
				DEBUG_INFORMATION_FORMAT = "dwarf-with-dsym";
				ENABLE_NS_ASSERTIONS = NO;
				ENABLE_STRICT_OBJC_MSGSEND = YES;
				GCC_C_LANGUAGE_STANDARD = gnu99;
				GCC_NO_COMMON_BLOCKS = YES;
				GCC_WARN_64_TO_32_BIT_CONVERSION = YES;
				GCC_WARN_ABOUT_RETURN_TYPE = YES_ERROR;
				GCC_WARN_UNDECLARED_SELECTOR = YES;
				GCC_WARN_UNINITIALIZED_AUTOS = YES_AGGRESSIVE;
				GCC_WARN_UNUSED_FUNCTION = YES;
				GCC_WARN_UNUSED_VARIABLE = YES;
				IPHONEOS_DEPLOYMENT_TARGET = 10.3;
				MTL_ENABLE_DEBUG_INFO = NO;
				SDKROOT = iphoneos;
				SWIFT_OPTIMIZATION_LEVEL = "-Owholemodule";
				SWIFT_SWIFT3_OBJC_INFERENCE = Off;
				TARGETED_DEVICE_FAMILY = 2;
				VALIDATE_PRODUCT = YES;
			};
			name = Release;
		};
		BE0AEEA91F7748F50074042E /* Debug */ = {
			isa = XCBuildConfiguration;
			buildSettings = {
				ASSETCATALOG_COMPILER_APPICON_NAME = AppIcon;
				INFOPLIST_FILE = "travail-pratique-2/Info.plist";
				LD_RUNPATH_SEARCH_PATHS = "$(inherited) @executable_path/Frameworks";
				PRODUCT_BUNDLE_IDENTIFIER = "com.hpan.travail-pratique-2";
				PRODUCT_NAME = "$(TARGET_NAME)";
				SWIFT_SWIFT3_OBJC_INFERENCE = Off;
				SWIFT_VERSION = 4.0;
			};
			name = Debug;
		};
		BE0AEEAA1F7748F50074042E /* Release */ = {
			isa = XCBuildConfiguration;
			buildSettings = {
				ASSETCATALOG_COMPILER_APPICON_NAME = AppIcon;
				INFOPLIST_FILE = "travail-pratique-2/Info.plist";
				LD_RUNPATH_SEARCH_PATHS = "$(inherited) @executable_path/Frameworks";
				PRODUCT_BUNDLE_IDENTIFIER = "com.hpan.travail-pratique-2";
				PRODUCT_NAME = "$(TARGET_NAME)";
				SWIFT_SWIFT3_OBJC_INFERENCE = Off;
				SWIFT_VERSION = 4.0;
			};
			name = Release;
		};
/* End XCBuildConfiguration section */

/* Begin XCConfigurationList section */
		BE0AEE911F7748F50074042E /* Build configuration list for PBXProject "travail-pratique-2" */ = {
			isa = XCConfigurationList;
			buildConfigurations = (
				BE0AEEA61F7748F50074042E /* Debug */,
				BE0AEEA71F7748F50074042E /* Release */,
			);
			defaultConfigurationIsVisible = 0;
			defaultConfigurationName = Release;
		};
		BE0AEEA81F7748F50074042E /* Build configuration list for PBXNativeTarget "travail-pratique-2" */ = {
			isa = XCConfigurationList;
			buildConfigurations = (
				BE0AEEA91F7748F50074042E /* Debug */,
				BE0AEEAA1F7748F50074042E /* Release */,
			);
			defaultConfigurationIsVisible = 0;
			defaultConfigurationName = Release;
		};
/* End XCConfigurationList section */
	};
	rootObject = BE0AEE8E1F7748F50074042E /* Project object */;
}
